// !$*UTF8*$!
{
	archiveVersion = 1;
	classes = {
	};
	objectVersion = 55;
	objects = {

/* Begin PBXBuildFile section */
		4EDB9B35296FEDC90096A557 /* KuwaitScreenViewController.swift in Sources */ = {isa = PBXBuildFile; fileRef = 4EDB9B34296FEDC90096A557 /* KuwaitScreenViewController.swift */; };
		4EDB9B37296FF2540096A557 /* OmanScreenViewController.swift in Sources */ = {isa = PBXBuildFile; fileRef = 4EDB9B36296FF2540096A557 /* OmanScreenViewController.swift */; };
		4EDC5B5A296EB8B6000F482C /* AppDelegate.swift in Sources */ = {isa = PBXBuildFile; fileRef = 4EDC5B59296EB8B6000F482C /* AppDelegate.swift */; };
		4EDC5B5C296EB8B6000F482C /* SceneDelegate.swift in Sources */ = {isa = PBXBuildFile; fileRef = 4EDC5B5B296EB8B6000F482C /* SceneDelegate.swift */; };
		4EDC5B5E296EB8B6000F482C /* ViewController.swift in Sources */ = {isa = PBXBuildFile; fileRef = 4EDC5B5D296EB8B6000F482C /* ViewController.swift */; };
		4EDC5B61296EB8B6000F482C /* Main.storyboard in Resources */ = {isa = PBXBuildFile; fileRef = 4EDC5B5F296EB8B6000F482C /* Main.storyboard */; };
		4EDC5B63296EB8B8000F482C /* Assets.xcassets in Resources */ = {isa = PBXBuildFile; fileRef = 4EDC5B62296EB8B8000F482C /* Assets.xcassets */; };
		4EDC5B66296EB8B8000F482C /* LaunchScreen.storyboard in Resources */ = {isa = PBXBuildFile; fileRef = 4EDC5B64296EB8B8000F482C /* LaunchScreen.storyboard */; };
		5C07FCBE9F22906B961912FB /* Pods_MultiInstanceProject.framework in Frameworks */ = {isa = PBXBuildFile; fileRef = 8BF38B75CDDB80FE7FDBA4B5 /* Pods_MultiInstanceProject.framework */; };
/* End PBXBuildFile section */

/* Begin PBXFileReference section */
		4EDB9B34296FEDC90096A557 /* KuwaitScreenViewController.swift */ = {isa = PBXFileReference; lastKnownFileType = sourcecode.swift; path = KuwaitScreenViewController.swift; sourceTree = "<group>"; };
		4EDB9B36296FF2540096A557 /* OmanScreenViewController.swift */ = {isa = PBXFileReference; lastKnownFileType = sourcecode.swift; path = OmanScreenViewController.swift; sourceTree = "<group>"; };
		4EDC5B56296EB8B6000F482C /* MultiInstanceProject.app */ = {isa = PBXFileReference; explicitFileType = wrapper.application; includeInIndex = 0; path = MultiInstanceProject.app; sourceTree = BUILT_PRODUCTS_DIR; };
		4EDC5B59296EB8B6000F482C /* AppDelegate.swift */ = {isa = PBXFileReference; lastKnownFileType = sourcecode.swift; path = AppDelegate.swift; sourceTree = "<group>"; };
		4EDC5B5B296EB8B6000F482C /* SceneDelegate.swift */ = {isa = PBXFileReference; lastKnownFileType = sourcecode.swift; path = SceneDelegate.swift; sourceTree = "<group>"; };
		4EDC5B5D296EB8B6000F482C /* ViewController.swift */ = {isa = PBXFileReference; lastKnownFileType = sourcecode.swift; path = ViewController.swift; sourceTree = "<group>"; };
		4EDC5B60296EB8B6000F482C /* Base */ = {isa = PBXFileReference; lastKnownFileType = file.storyboard; name = Base; path = Base.lproj/Main.storyboard; sourceTree = "<group>"; };
		4EDC5B62296EB8B8000F482C /* Assets.xcassets */ = {isa = PBXFileReference; lastKnownFileType = folder.assetcatalog; path = Assets.xcassets; sourceTree = "<group>"; };
		4EDC5B65296EB8B8000F482C /* Base */ = {isa = PBXFileReference; lastKnownFileType = file.storyboard; name = Base; path = Base.lproj/LaunchScreen.storyboard; sourceTree = "<group>"; };
		4EDC5B67296EB8B8000F482C /* Info.plist */ = {isa = PBXFileReference; lastKnownFileType = text.plist.xml; path = Info.plist; sourceTree = "<group>"; };
		8BF38B75CDDB80FE7FDBA4B5 /* Pods_MultiInstanceProject.framework */ = {isa = PBXFileReference; explicitFileType = wrapper.framework; includeInIndex = 0; path = Pods_MultiInstanceProject.framework; sourceTree = BUILT_PRODUCTS_DIR; };
		A50A4B23D1B5FB0B96D3FDC7 /* Pods-MultiInstanceProject.release.xcconfig */ = {isa = PBXFileReference; includeInIndex = 1; lastKnownFileType = text.xcconfig; name = "Pods-MultiInstanceProject.release.xcconfig"; path = "Target Support Files/Pods-MultiInstanceProject/Pods-MultiInstanceProject.release.xcconfig"; sourceTree = "<group>"; };
		F6FFD1B4C334269ECD1A7DE4 /* Pods-MultiInstanceProject.debug.xcconfig */ = {isa = PBXFileReference; includeInIndex = 1; lastKnownFileType = text.xcconfig; name = "Pods-MultiInstanceProject.debug.xcconfig"; path = "Target Support Files/Pods-MultiInstanceProject/Pods-MultiInstanceProject.debug.xcconfig"; sourceTree = "<group>"; };
/* End PBXFileReference section */

/* Begin PBXFrameworksBuildPhase section */
		4EDC5B53296EB8B6000F482C /* Frameworks */ = {
			isa = PBXFrameworksBuildPhase;
			buildActionMask = 2147483647;
			files = (
				5C07FCBE9F22906B961912FB /* Pods_MultiInstanceProject.framework in Frameworks */,
			);
			runOnlyForDeploymentPostprocessing = 0;
		};
/* End PBXFrameworksBuildPhase section */

/* Begin PBXGroup section */
		4EDC5B4D296EB8B6000F482C = {
			isa = PBXGroup;
			children = (
				4EDC5B58296EB8B6000F482C /* MultiInstanceProject */,
				4EDC5B57296EB8B6000F482C /* Products */,
				A091AB8786336D1F79EC1574 /* Pods */,
				B872DB1365120A6B5425FE95 /* Frameworks */,
			);
			sourceTree = "<group>";
		};
		4EDC5B57296EB8B6000F482C /* Products */ = {
			isa = PBXGroup;
			children = (
				4EDC5B56296EB8B6000F482C /* MultiInstanceProject.app */,
			);
			name = Products;
			sourceTree = "<group>";
		};
		4EDC5B58296EB8B6000F482C /* MultiInstanceProject */ = {
			isa = PBXGroup;
			children = (
				4EDC5B59296EB8B6000F482C /* AppDelegate.swift */,
				4EDC5B5B296EB8B6000F482C /* SceneDelegate.swift */,
				4EDC5B5D296EB8B6000F482C /* ViewController.swift */,
				4EDC5B5F296EB8B6000F482C /* Main.storyboard */,
				4EDB9B36296FF2540096A557 /* OmanScreenViewController.swift */,
				4EDB9B34296FEDC90096A557 /* KuwaitScreenViewController.swift */,
				4EDC5B62296EB8B8000F482C /* Assets.xcassets */,
				4EDC5B64296EB8B8000F482C /* LaunchScreen.storyboard */,
				4EDC5B67296EB8B8000F482C /* Info.plist */,
			);
			path = MultiInstanceProject;
			sourceTree = "<group>";
		};
		A091AB8786336D1F79EC1574 /* Pods */ = {
			isa = PBXGroup;
			children = (
				F6FFD1B4C334269ECD1A7DE4 /* Pods-MultiInstanceProject.debug.xcconfig */,
				A50A4B23D1B5FB0B96D3FDC7 /* Pods-MultiInstanceProject.release.xcconfig */,
			);
			path = Pods;
			sourceTree = "<group>";
		};
		B872DB1365120A6B5425FE95 /* Frameworks */ = {
			isa = PBXGroup;
			children = (
				8BF38B75CDDB80FE7FDBA4B5 /* Pods_MultiInstanceProject.framework */,
			);
			name = Frameworks;
			sourceTree = "<group>";
		};
/* End PBXGroup section */

/* Begin PBXNativeTarget section */
		4EDC5B55296EB8B6000F482C /* MultiInstanceProject */ = {
			isa = PBXNativeTarget;
			buildConfigurationList = 4EDC5B6A296EB8B8000F482C /* Build configuration list for PBXNativeTarget "MultiInstanceProject" */;
			buildPhases = (
				F6460EE9F8810F53A415D597 /* [CP] Check Pods Manifest.lock */,
				4EDC5B52296EB8B6000F482C /* Sources */,
				4EDC5B53296EB8B6000F482C /* Frameworks */,
				4EDC5B54296EB8B6000F482C /* Resources */,
				F86D58D254E9AEE1E4A9FCBF /* [CP] Embed Pods Frameworks */,
			);
			buildRules = (
			);
			dependencies = (
			);
			name = MultiInstanceProject;
			productName = MultiInstanceProject;
			productReference = 4EDC5B56296EB8B6000F482C /* MultiInstanceProject.app */;
			productType = "com.apple.product-type.application";
		};
/* End PBXNativeTarget section */

/* Begin PBXProject section */
		4EDC5B4E296EB8B6000F482C /* Project object */ = {
			isa = PBXProject;
			attributes = {
				BuildIndependentTargetsInParallel = 1;
				LastSwiftUpdateCheck = 1340;
				LastUpgradeCheck = 1340;
				TargetAttributes = {
					4EDC5B55296EB8B6000F482C = {
						CreatedOnToolsVersion = 13.4.1;
					};
				};
			};
			buildConfigurationList = 4EDC5B51296EB8B6000F482C /* Build configuration list for PBXProject "MultiInstanceProject" */;
			compatibilityVersion = "Xcode 13.0";
			developmentRegion = en;
			hasScannedForEncodings = 0;
			knownRegions = (
				en,
				Base,
			);
			mainGroup = 4EDC5B4D296EB8B6000F482C;
			productRefGroup = 4EDC5B57296EB8B6000F482C /* Products */;
			projectDirPath = "";
			projectRoot = "";
			targets = (
				4EDC5B55296EB8B6000F482C /* MultiInstanceProject */,
			);
		};
/* End PBXProject section */

/* Begin PBXResourcesBuildPhase section */
		4EDC5B54296EB8B6000F482C /* Resources */ = {
			isa = PBXResourcesBuildPhase;
			buildActionMask = 2147483647;
			files = (
				4EDC5B66296EB8B8000F482C /* LaunchScreen.storyboard in Resources */,
				4EDC5B63296EB8B8000F482C /* Assets.xcassets in Resources */,
				4EDC5B61296EB8B6000F482C /* Main.storyboard in Resources */,
			);
			runOnlyForDeploymentPostprocessing = 0;
		};
/* End PBXResourcesBuildPhase section */

/* Begin PBXShellScriptBuildPhase section */
		F6460EE9F8810F53A415D597 /* [CP] Check Pods Manifest.lock */ = {
			isa = PBXShellScriptBuildPhase;
			buildActionMask = 2147483647;
			files = (
			);
			inputFileListPaths = (
			);
			inputPaths = (
				"${PODS_PODFILE_DIR_PATH}/Podfile.lock",
				"${PODS_ROOT}/Manifest.lock",
			);
			name = "[CP] Check Pods Manifest.lock";
			outputFileListPaths = (
			);
			outputPaths = (
				"$(DERIVED_FILE_DIR)/Pods-MultiInstanceProject-checkManifestLockResult.txt",
			);
			runOnlyForDeploymentPostprocessing = 0;
			shellPath = /bin/sh;
			shellScript = "diff \"${PODS_PODFILE_DIR_PATH}/Podfile.lock\" \"${PODS_ROOT}/Manifest.lock\" > /dev/null\nif [ $? != 0 ] ; then\n    # print error to STDERR\n    echo \"error: The sandbox is not in sync with the Podfile.lock. Run 'pod install' or update your CocoaPods installation.\" >&2\n    exit 1\nfi\n# This output is used by Xcode 'outputs' to avoid re-running this script phase.\necho \"SUCCESS\" > \"${SCRIPT_OUTPUT_FILE_0}\"\n";
			showEnvVarsInLog = 0;
		};
		F86D58D254E9AEE1E4A9FCBF /* [CP] Embed Pods Frameworks */ = {
			isa = PBXShellScriptBuildPhase;
			buildActionMask = 2147483647;
			files = (
			);
			inputFileListPaths = (
				"${PODS_ROOT}/Target Support Files/Pods-MultiInstanceProject/Pods-MultiInstanceProject-frameworks-${CONFIGURATION}-input-files.xcfilelist",
			);
			name = "[CP] Embed Pods Frameworks";
			outputFileListPaths = (
				"${PODS_ROOT}/Target Support Files/Pods-MultiInstanceProject/Pods-MultiInstanceProject-frameworks-${CONFIGURATION}-output-files.xcfilelist",
			);
			runOnlyForDeploymentPostprocessing = 0;
			shellPath = /bin/sh;
			shellScript = "\"${PODS_ROOT}/Target Support Files/Pods-MultiInstanceProject/Pods-MultiInstanceProject-frameworks.sh\"\n";
			showEnvVarsInLog = 0;
		};
/* End PBXShellScriptBuildPhase section */

/* Begin PBXSourcesBuildPhase section */
		4EDC5B52296EB8B6000F482C /* Sources */ = {
			isa = PBXSourcesBuildPhase;
			buildActionMask = 2147483647;
			files = (
				4EDC5B5E296EB8B6000F482C /* ViewController.swift in Sources */,
				4EDC5B5A296EB8B6000F482C /* AppDelegate.swift in Sources */,
				4EDB9B37296FF2540096A557 /* OmanScreenViewController.swift in Sources */,
				4EDC5B5C296EB8B6000F482C /* SceneDelegate.swift in Sources */,
				4EDB9B35296FEDC90096A557 /* KuwaitScreenViewController.swift in Sources */,
			);
			runOnlyForDeploymentPostprocessing = 0;
		};
/* End PBXSourcesBuildPhase section */

/* Begin PBXVariantGroup section */
		4EDC5B5F296EB8B6000F482C /* Main.storyboard */ = {
			isa = PBXVariantGroup;
			children = (
				4EDC5B60296EB8B6000F482C /* Base */,
			);
			name = Main.storyboard;
			sourceTree = "<group>";
		};
		4EDC5B64296EB8B8000F482C /* LaunchScreen.storyboard */ = {
			isa = PBXVariantGroup;
			children = (
				4EDC5B65296EB8B8000F482C /* Base */,
			);
			name = LaunchScreen.storyboard;
			sourceTree = "<group>";
		};
/* End PBXVariantGroup section */

/* Begin XCBuildConfiguration section */
		4EDC5B68296EB8B8000F482C /* Debug */ = {
			isa = XCBuildConfiguration;
			buildSettings = {
				ALWAYS_SEARCH_USER_PATHS = NO;
				CLANG_ANALYZER_NONNULL = YES;
				CLANG_ANALYZER_NUMBER_OBJECT_CONVERSION = YES_AGGRESSIVE;
				CLANG_CXX_LANGUAGE_STANDARD = "gnu++17";
				CLANG_ENABLE_MODULES = YES;
				CLANG_ENABLE_OBJC_ARC = YES;
				CLANG_ENABLE_OBJC_WEAK = YES;
				CLANG_WARN_BLOCK_CAPTURE_AUTORELEASING = YES;
				CLANG_WARN_BOOL_CONVERSION = YES;
				CLANG_WARN_COMMA = YES;
				CLANG_WARN_CONSTANT_CONVERSION = YES;
				CLANG_WARN_DEPRECATED_OBJC_IMPLEMENTATIONS = YES;
				CLANG_WARN_DIRECT_OBJC_ISA_USAGE = YES_ERROR;
				CLANG_WARN_DOCUMENTATION_COMMENTS = YES;
				CLANG_WARN_EMPTY_BODY = YES;
				CLANG_WARN_ENUM_CONVERSION = YES;
				CLANG_WARN_INFINITE_RECURSION = YES;
				CLANG_WARN_INT_CONVERSION = YES;
				CLANG_WARN_NON_LITERAL_NULL_CONVERSION = YES;
				CLANG_WARN_OBJC_IMPLICIT_RETAIN_SELF = YES;
				CLANG_WARN_OBJC_LITERAL_CONVERSION = YES;
				CLANG_WARN_OBJC_ROOT_CLASS = YES_ERROR;
				CLANG_WARN_QUOTED_INCLUDE_IN_FRAMEWORK_HEADER = YES;
				CLANG_WARN_RANGE_LOOP_ANALYSIS = YES;
				CLANG_WARN_STRICT_PROTOTYPES = YES;
				CLANG_WARN_SUSPICIOUS_MOVE = YES;
				CLANG_WARN_UNGUARDED_AVAILABILITY = YES_AGGRESSIVE;
				CLANG_WARN_UNREACHABLE_CODE = YES;
				CLANG_WARN__DUPLICATE_METHOD_MATCH = YES;
				COPY_PHASE_STRIP = NO;
				DEBUG_INFORMATION_FORMAT = dwarf;
				ENABLE_STRICT_OBJC_MSGSEND = YES;
				ENABLE_TESTABILITY = YES;
				GCC_C_LANGUAGE_STANDARD = gnu11;
				GCC_DYNAMIC_NO_PIC = NO;
				GCC_NO_COMMON_BLOCKS = YES;
				GCC_OPTIMIZATION_LEVEL = 0;
				GCC_PREPROCESSOR_DEFINITIONS = (
					"DEBUG=1",
					"$(inherited)",
				);
				GCC_WARN_64_TO_32_BIT_CONVERSION = YES;
				GCC_WARN_ABOUT_RETURN_TYPE = YES_ERROR;
				GCC_WARN_UNDECLARED_SELECTOR = YES;
				GCC_WARN_UNINITIALIZED_AUTOS = YES_AGGRESSIVE;
				GCC_WARN_UNUSED_FUNCTION = YES;
				GCC_WARN_UNUSED_VARIABLE = YES;
				IPHONEOS_DEPLOYMENT_TARGET = 15.5;
				MTL_ENABLE_DEBUG_INFO = INCLUDE_SOURCE;
				MTL_FAST_MATH = YES;
				ONLY_ACTIVE_ARCH = YES;
				SDKROOT = iphoneos;
				SWIFT_ACTIVE_COMPILATION_CONDITIONS = DEBUG;
				SWIFT_OPTIMIZATION_LEVEL = "-Onone";
			};
			name = Debug;
		};
		4EDC5B69296EB8B8000F482C /* Release */ = {
			isa = XCBuildConfiguration;
			buildSettings = {
				ALWAYS_SEARCH_USER_PATHS = NO;
				CLANG_ANALYZER_NONNULL = YES;
				CLANG_ANALYZER_NUMBER_OBJECT_CONVERSION = YES_AGGRESSIVE;
				CLANG_CXX_LANGUAGE_STANDARD = "gnu++17";
				CLANG_ENABLE_MODULES = YES;
				CLANG_ENABLE_OBJC_ARC = YES;
				CLANG_ENABLE_OBJC_WEAK = YES;
				CLANG_WARN_BLOCK_CAPTURE_AUTORELEASING = YES;
				CLANG_WARN_BOOL_CONVERSION = YES;
				CLANG_WARN_COMMA = YES;
				CLANG_WARN_CONSTANT_CONVERSION = YES;
				CLANG_WARN_DEPRECATED_OBJC_IMPLEMENTATIONS = YES;
				CLANG_WARN_DIRECT_OBJC_ISA_USAGE = YES_ERROR;
				CLANG_WARN_DOCUMENTATION_COMMENTS = YES;
				CLANG_WARN_EMPTY_BODY = YES;
				CLANG_WARN_ENUM_CONVERSION = YES;
				CLANG_WARN_INFINITE_RECURSION = YES;
				CLANG_WARN_INT_CONVERSION = YES;
				CLANG_WARN_NON_LITERAL_NULL_CONVERSION = YES;
				CLANG_WARN_OBJC_IMPLICIT_RETAIN_SELF = YES;
				CLANG_WARN_OBJC_LITERAL_CONVERSION = YES;
				CLANG_WARN_OBJC_ROOT_CLASS = YES_ERROR;
				CLANG_WARN_QUOTED_INCLUDE_IN_FRAMEWORK_HEADER = YES;
				CLANG_WARN_RANGE_LOOP_ANALYSIS = YES;
				CLANG_WARN_STRICT_PROTOTYPES = YES;
				CLANG_WARN_SUSPICIOUS_MOVE = YES;
				CLANG_WARN_UNGUARDED_AVAILABILITY = YES_AGGRESSIVE;
				CLANG_WARN_UNREACHABLE_CODE = YES;
				CLANG_WARN__DUPLICATE_METHOD_MATCH = YES;
				COPY_PHASE_STRIP = NO;
				DEBUG_INFORMATION_FORMAT = "dwarf-with-dsym";
				ENABLE_NS_ASSERTIONS = NO;
				ENABLE_STRICT_OBJC_MSGSEND = YES;
				GCC_C_LANGUAGE_STANDARD = gnu11;
				GCC_NO_COMMON_BLOCKS = YES;
				GCC_WARN_64_TO_32_BIT_CONVERSION = YES;
				GCC_WARN_ABOUT_RETURN_TYPE = YES_ERROR;
				GCC_WARN_UNDECLARED_SELECTOR = YES;
				GCC_WARN_UNINITIALIZED_AUTOS = YES_AGGRESSIVE;
				GCC_WARN_UNUSED_FUNCTION = YES;
				GCC_WARN_UNUSED_VARIABLE = YES;
				IPHONEOS_DEPLOYMENT_TARGET = 15.5;
				MTL_ENABLE_DEBUG_INFO = NO;
				MTL_FAST_MATH = YES;
				SDKROOT = iphoneos;
				SWIFT_COMPILATION_MODE = wholemodule;
				SWIFT_OPTIMIZATION_LEVEL = "-O";
				VALIDATE_PRODUCT = YES;
			};
			name = Release;
		};
		4EDC5B6B296EB8B8000F482C /* Debug */ = {
			isa = XCBuildConfiguration;
			baseConfigurationReference = F6FFD1B4C334269ECD1A7DE4 /* Pods-MultiInstanceProject.debug.xcconfig */;
			buildSettings = {
				ASSETCATALOG_COMPILER_APPICON_NAME = AppIcon;
				ASSETCATALOG_COMPILER_GLOBAL_ACCENT_COLOR_NAME = AccentColor;
				CODE_SIGN_STYLE = Automatic;
				CURRENT_PROJECT_VERSION = 1;
				DEVELOPMENT_TEAM = P23JK9V8BF;
				GENERATE_INFOPLIST_FILE = YES;
				INFOPLIST_FILE = MultiInstanceProject/Info.plist;
				INFOPLIST_KEY_UIApplicationSupportsIndirectInputEvents = YES;
				INFOPLIST_KEY_UILaunchStoryboardName = LaunchScreen;
				INFOPLIST_KEY_UIMainStoryboardFile = Main;
				INFOPLIST_KEY_UISupportedInterfaceOrientations_iPad = "UIInterfaceOrientationPortrait UIInterfaceOrientationPortraitUpsideDown UIInterfaceOrientationLandscapeLeft UIInterfaceOrientationLandscapeRight";
				INFOPLIST_KEY_UISupportedInterfaceOrientations_iPhone = "UIInterfaceOrientationPortrait UIInterfaceOrientationLandscapeLeft UIInterfaceOrientationLandscapeRight";
				LD_RUNPATH_SEARCH_PATHS = (
					"$(inherited)",
					"@executable_path/Frameworks",
				);
				MARKETING_VERSION = 1.0;
				PRODUCT_BUNDLE_IDENTIFIER = com.ctr.MultiInstanceProject;
				PRODUCT_NAME = "$(TARGET_NAME)";
				SWIFT_EMIT_LOC_STRINGS = YES;
				SWIFT_VERSION = 5.0;
				TARGETED_DEVICE_FAMILY = "1,2";
			};
			name = Debug;
		};
		4EDC5B6C296EB8B8000F482C /* Release */ = {
			isa = XCBuildConfiguration;
			baseConfigurationReference = A50A4B23D1B5FB0B96D3FDC7 /* Pods-MultiInstanceProject.release.xcconfig */;
			buildSettings = {
				ASSETCATALOG_COMPILER_APPICON_NAME = AppIcon;
				ASSETCATALOG_COMPILER_GLOBAL_ACCENT_COLOR_NAME = AccentColor;
				CODE_SIGN_STYLE = Automatic;
				CURRENT_PROJECT_VERSION = 1;
				DEVELOPMENT_TEAM = P23JK9V8BF;
				GENERATE_INFOPLIST_FILE = YES;
				INFOPLIST_FILE = MultiInstanceProject/Info.plist;
				INFOPLIST_KEY_UIApplicationSupportsIndirectInputEvents = YES;
				INFOPLIST_KEY_UILaunchStoryboardName = LaunchScreen;
				INFOPLIST_KEY_UIMainStoryboardFile = Main;
				INFOPLIST_KEY_UISupportedInterfaceOrientations_iPad = "UIInterfaceOrientationPortrait UIInterfaceOrientationPortraitUpsideDown UIInterfaceOrientationLandscapeLeft UIInterfaceOrientationLandscapeRight";
				INFOPLIST_KEY_UISupportedInterfaceOrientations_iPhone = "UIInterfaceOrientationPortrait UIInterfaceOrientationLandscapeLeft UIInterfaceOrientationLandscapeRight";
				LD_RUNPATH_SEARCH_PATHS = (
					"$(inherited)",
					"@executable_path/Frameworks",
				);
				MARKETING_VERSION = 1.0;
				PRODUCT_BUNDLE_IDENTIFIER = com.ctr.MultiInstanceProject;
				PRODUCT_NAME = "$(TARGET_NAME)";
				SWIFT_EMIT_LOC_STRINGS = YES;
				SWIFT_VERSION = 5.0;
				TARGETED_DEVICE_FAMILY = "1,2";
			};
			name = Release;
		};
/* End XCBuildConfiguration section */

/* Begin XCConfigurationList section */
		4EDC5B51296EB8B6000F482C /* Build configuration list for PBXProject "MultiInstanceProject" */ = {
			isa = XCConfigurationList;
			buildConfigurations = (
				4EDC5B68296EB8B8000F482C /* Debug */,
				4EDC5B69296EB8B8000F482C /* Release */,
			);
			defaultConfigurationIsVisible = 0;
			defaultConfigurationName = Release;
		};
		4EDC5B6A296EB8B8000F482C /* Build configuration list for PBXNativeTarget "MultiInstanceProject" */ = {
			isa = XCConfigurationList;
			buildConfigurations = (
				4EDC5B6B296EB8B8000F482C /* Debug */,
				4EDC5B6C296EB8B8000F482C /* Release */,
			);
			defaultConfigurationIsVisible = 0;
			defaultConfigurationName = Release;
		};
/* End XCConfigurationList section */
	};
	rootObject = 4EDC5B4E296EB8B6000F482C /* Project object */;
}
